
Microsoft Visual Studio Solution File, Format Version 12.00
# Visual Studio Version 17
VisualStudioVersion = 17.0.31903.59
MinimumVisualStudioVersion = 10.0.40219.1
Project("{FAE04EC0-301F-11D3-BF4B-00C04F79EFBC}") = "EmployeeManagementSystem.Domain", "EmployeeManagementSystem.Domain\EmployeeManagementSystem.Domain.csproj", "{F4470A41-95FE-49DF-BEB6-752B56230C94}"
EndProject
Project("{FAE04EC0-301F-11D3-BF4B-00C04F79EFBC}") = "EmployeeManagementSystem.Application", "EmployeeManagementSystem.Application\EmployeeManagementSystem.Application.csproj", "{1832726F-3662-4763-B204-76235F5DFD8C}"
EndProject
Project("{FAE04EC0-301F-11D3-BF4B-00C04F79EFBC}") = "EmployeeManagementSystem.Infrastructure", "EmployeeManagementSystem.Infrastructure\EmployeeManagementSystem.Infrastructure.csproj", "{4588991F-43F5-49E4-B27E-E2888084B120}"
EndProject
Project("{FAE04EC0-301F-11D3-BF4B-00C04F79EFBC}") = "EmployeeManagementSystem.Api", "EmployeeManagementSystem.Api\EmployeeManagementSystem.Api.csproj", "{33589DD6-80CA-4C5A-9E6A-AF42704FE583}"
EndProject
Global
	GlobalSection(SolutionConfigurationPlatforms) = preSolution
		Debug|Any CPU = Debug|Any CPU
		Debug|x64 = Debug|x64
		Debug|x86 = Debug|x86
		Release|Any CPU = Release|Any CPU
		Release|x64 = Release|x64
		Release|x86 = Release|x86
	EndGlobalSection
	GlobalSection(ProjectConfigurationPlatforms) = postSolution
		{F4470A41-95FE-49DF-BEB6-752B56230C94}.Debug|Any CPU.ActiveCfg = Debug|Any CPU
		{F4470A41-95FE-49DF-BEB6-752B56230C94}.Debug|Any CPU.Build.0 = Debug|Any CPU
		{F4470A41-95FE-49DF-BEB6-752B56230C94}.Debug|x64.ActiveCfg = Debug|Any CPU
		{F4470A41-95FE-49DF-BEB6-752B56230C94}.Debug|x64.Build.0 = Debug|Any CPU
		{F4470A41-95FE-49DF-BEB6-752B56230C94}.Debug|x86.ActiveCfg = Debug|Any CPU
		{F4470A41-95FE-49DF-BEB6-752B56230C94}.Debug|x86.Build.0 = Debug|Any CPU
		{F4470A41-95FE-49DF-BEB6-752B56230C94}.Release|Any CPU.ActiveCfg = Release|Any CPU
		{F4470A41-95FE-49DF-BEB6-752B56230C94}.Release|Any CPU.Build.0 = Release|Any CPU
		{F4470A41-95FE-49DF-BEB6-752B56230C94}.Release|x64.ActiveCfg = Release|Any CPU
		{F4470A41-95FE-49DF-BEB6-752B56230C94}.Release|x64.Build.0 = Release|Any CPU
		{F4470A41-95FE-49DF-BEB6-752B56230C94}.Release|x86.ActiveCfg = Release|Any CPU
		{F4470A41-95FE-49DF-BEB6-752B56230C94}.Release|x86.Build.0 = Release|Any CPU
		{1832726F-3662-4763-B204-76235F5DFD8C}.Debug|Any CPU.ActiveCfg = Debug|Any CPU
		{1832726F-3662-4763-B204-76235F5DFD8C}.Debug|Any CPU.Build.0 = Debug|Any CPU
		{1832726F-3662-4763-B204-76235F5DFD8C}.Debug|x64.ActiveCfg = Debug|Any CPU
		{1832726F-3662-4763-B204-76235F5DFD8C}.Debug|x64.Build.0 = Debug|Any CPU
		{1832726F-3662-4763-B204-76235F5DFD8C}.Debug|x86.ActiveCfg = Debug|Any CPU
		{1832726F-3662-4763-B204-76235F5DFD8C}.Debug|x86.Build.0 = Debug|Any CPU
		{1832726F-3662-4763-B204-76235F5DFD8C}.Release|Any CPU.ActiveCfg = Release|Any CPU
		{1832726F-3662-4763-B204-76235F5DFD8C}.Release|Any CPU.Build.0 = Release|Any CPU
		{1832726F-3662-4763-B204-76235F5DFD8C}.Release|x64.ActiveCfg = Release|Any CPU
		{1832726F-3662-4763-B204-76235F5DFD8C}.Release|x64.Build.0 = Release|Any CPU
		{1832726F-3662-4763-B204-76235F5DFD8C}.Release|x86.ActiveCfg = Release|Any CPU
		{1832726F-3662-4763-B204-76235F5DFD8C}.Release|x86.Build.0 = Release|Any CPU
		{4588991F-43F5-49E4-B27E-E2888084B120}.Debug|Any CPU.ActiveCfg = Debug|Any CPU
		{4588991F-43F5-49E4-B27E-E2888084B120}.Debug|Any CPU.Build.0 = Debug|Any CPU
		{4588991F-43F5-49E4-B27E-E2888084B120}.Debug|x64.ActiveCfg = Debug|Any CPU
		{4588991F-43F5-49E4-B27E-E2888084B120}.Debug|x64.Build.0 = Debug|Any CPU
		{4588991F-43F5-49E4-B27E-E2888084B120}.Debug|x86.ActiveCfg = Debug|Any CPU
		{4588991F-43F5-49E4-B27E-E2888084B120}.Debug|x86.Build.0 = Debug|Any CPU
		{4588991F-43F5-49E4-B27E-E2888084B120}.Release|Any CPU.ActiveCfg = Release|Any CPU
		{4588991F-43F5-49E4-B27E-E2888084B120}.Release|Any CPU.Build.0 = Release|Any CPU
		{4588991F-43F5-49E4-B27E-E2888084B120}.Release|x64.ActiveCfg = Release|Any CPU
		{4588991F-43F5-49E4-B27E-E2888084B120}.Release|x64.Build.0 = Release|Any CPU
		{4588991F-43F5-49E4-B27E-E2888084B120}.Release|x86.ActiveCfg = Release|Any CPU
		{4588991F-43F5-49E4-B27E-E2888084B120}.Release|x86.Build.0 = Release|Any CPU
		{33589DD6-80CA-4C5A-9E6A-AF42704FE583}.Debug|Any CPU.ActiveCfg = Debug|Any CPU
		{33589DD6-80CA-4C5A-9E6A-AF42704FE583}.Debug|Any CPU.Build.0 = Debug|Any CPU
		{33589DD6-80CA-4C5A-9E6A-AF42704FE583}.Debug|x64.ActiveCfg = Debug|Any CPU
		{33589DD6-80CA-4C5A-9E6A-AF42704FE583}.Debug|x64.Build.0 = Debug|Any CPU
		{33589DD6-80CA-4C5A-9E6A-AF42704FE583}.Debug|x86.ActiveCfg = Debug|Any CPU
		{33589DD6-80CA-4C5A-9E6A-AF42704FE583}.Debug|x86.Build.0 = Debug|Any CPU
		{33589DD6-80CA-4C5A-9E6A-AF42704FE583}.Release|Any CPU.ActiveCfg = Release|Any CPU
		{33589DD6-80CA-4C5A-9E6A-AF42704FE583}.Release|Any CPU.Build.0 = Release|Any CPU
		{33589DD6-80CA-4C5A-9E6A-AF42704FE583}.Release|x64.ActiveCfg = Release|Any CPU
		{33589DD6-80CA-4C5A-9E6A-AF42704FE583}.Release|x64.Build.0 = Release|Any CPU
		{33589DD6-80CA-4C5A-9E6A-AF42704FE583}.Release|x86.ActiveCfg = Release|Any CPU
		{33589DD6-80CA-4C5A-9E6A-AF42704FE583}.Release|x86.Build.0 = Release|Any CPU
	EndGlobalSection
	GlobalSection(SolutionProperties) = preSolution
		HideSolutionNode = FALSE
	EndGlobalSection
EndGlobal
